
Microsoft Visual Studio Solution File, Format Version 12.00
# Visual Studio Version 17
VisualStudioVersion = 17.10.34825.169
MinimumVisualStudioVersion = 10.0.40219.1
Project("{9A19103F-16F7-4668-BE54-9A1E7A4F7556}") = "Api", "Api\Api.csproj", "{731B0417-1D16-4546-8933-A1D2A90A5373}"
EndProject
Project("{9A19103F-16F7-4668-BE54-9A1E7A4F7556}") = "Application", "Application\Application.csproj", "{1CB4D032-521E-4CA7-8B7A-89652ADA4C93}"
EndProject
Global
	GlobalSection(SolutionConfigurationPlatforms) = preSolution
		Debug|Any CPU = Debug|Any CPU
		Release|Any CPU = Release|Any CPU
	EndGlobalSection
	GlobalSection(ProjectConfigurationPlatforms) = postSolution
		{731B0417-1D16-4546-8933-A1D2A90A5373}.Debug|Any CPU.ActiveCfg = Debug|Any CPU
		{731B0417-1D16-4546-8933-A1D2A90A5373}.Debug|Any CPU.Build.0 = Debug|Any CPU
		{731B0417-1D16-4546-8933-A1D2A90A5373}.Release|Any CPU.ActiveCfg = Release|Any CPU
		{731B0417-1D16-4546-8933-A1D2A90A5373}.Release|Any CPU.Build.0 = Release|Any CPU
		{1CB4D032-521E-4CA7-8B7A-89652ADA4C93}.Debug|Any CPU.ActiveCfg = Debug|Any CPU
		{1CB4D032-521E-4CA7-8B7A-89652ADA4C93}.Debug|Any CPU.Build.0 = Debug|Any CPU
		{1CB4D032-521E-4CA7-8B7A-89652ADA4C93}.Release|Any CPU.ActiveCfg = Release|Any CPU
		{1CB4D032-521E-4CA7-8B7A-89652ADA4C93}.Release|Any CPU.Build.0 = Release|Any CPU
	EndGlobalSection
	GlobalSection(SolutionProperties) = preSolution
		HideSolutionNode = FALSE
	EndGlobalSection
	GlobalSection(ExtensibilityGlobals) = postSolution
		SolutionGuid = {F4EA7E06-59E6-4F1C-A4E9-8D8E63C61A8D}
	EndGlobalSection
EndGlobal
